
Microsoft Visual Studio Solution File, Format Version 12.00
# Visual Studio Version 16
VisualStudioVersion = 16.0.30621.155
MinimumVisualStudioVersion = 10.0.40219.1
Project("{FAE04EC0-301F-11D3-BF4B-00C04F79EFBC}") = "Advanced SN cheat by Piki setup", "Advanced SN cheat by Piki setup\Advanced SN cheat by Piki setup.csproj", "{D74EDC98-17E6-4D15-9D31-9FD3693316D9}"
EndProject
Global
	GlobalSection(SolutionConfigurationPlatforms) = preSolution
		Debug|Any CPU = Debug|Any CPU
		Release|Any CPU = Release|Any CPU
	EndGlobalSection
	GlobalSection(ProjectConfigurationPlatforms) = postSolution
		{D74EDC98-17E6-4D15-9D31-9FD3693316D9}.Debug|Any CPU.ActiveCfg = Debug|Any CPU
		{D74EDC98-17E6-4D15-9D31-9FD3693316D9}.Debug|Any CPU.Build.0 = Debug|Any CPU
		{D74EDC98-17E6-4D15-9D31-9FD3693316D9}.Release|Any CPU.ActiveCfg = Release|Any CPU
		{D74EDC98-17E6-4D15-9D31-9FD3693316D9}.Release|Any CPU.Build.0 = Release|Any CPU
	EndGlobalSection
	GlobalSection(SolutionProperties) = preSolution
		HideSolutionNode = FALSE
	EndGlobalSection
	GlobalSection(ExtensibilityGlobals) = postSolution
		SolutionGuid = {2D1CEC2B-25F9-4AC5-A55D-A6D7D5EF0121}
	EndGlobalSection
EndGlobal
