
Microsoft Visual Studio Solution File, Format Version 12.00
# Visual Studio Version 16
VisualStudioVersion = 16.0.30621.155
MinimumVisualStudioVersion = 10.0.40219.1
Project("{FAE04EC0-301F-11D3-BF4B-00C04F79EFBC}") = "Pikis Free Melon Mod", "Pikis Free Melon Mod\Pikis Free Melon Mod.csproj", "{E83ACC59-A644-4BBC-8893-6BF2681F579B}"
EndProject
Global
	GlobalSection(SolutionConfigurationPlatforms) = preSolution
		Debug|Any CPU = Debug|Any CPU
		Release|Any CPU = Release|Any CPU
	EndGlobalSection
	GlobalSection(ProjectConfigurationPlatforms) = postSolution
		{E83ACC59-A644-4BBC-8893-6BF2681F579B}.Debug|Any CPU.ActiveCfg = Debug|Any CPU
		{E83ACC59-A644-4BBC-8893-6BF2681F579B}.Debug|Any CPU.Build.0 = Debug|Any CPU
		{E83ACC59-A644-4BBC-8893-6BF2681F579B}.Release|Any CPU.ActiveCfg = Release|Any CPU
		{E83ACC59-A644-4BBC-8893-6BF2681F579B}.Release|Any CPU.Build.0 = Release|Any CPU
	EndGlobalSection
	GlobalSection(SolutionProperties) = preSolution
		HideSolutionNode = FALSE
	EndGlobalSection
	GlobalSection(ExtensibilityGlobals) = postSolution
		SolutionGuid = {804199CA-0AB6-4F84-BEF0-4CB932664875}
	EndGlobalSection
EndGlobal
